
Microsoft Visual Studio Solution File, Format Version 12.00
# Visual Studio 2013
VisualStudioVersion = 12.0.40629.0
MinimumVisualStudioVersion = 10.0.40219.1
Project("{151D2E53-A2C4-4D7D-83FE-D05416EBD58E}") = "ARMTemplateForVM", "ARMTemplateForVM\ARMTemplateForVM.deployproj", "{77700E5B-09C8-447C-85DD-34FE45187614}"
EndProject
Global
	GlobalSection(SolutionConfigurationPlatforms) = preSolution
		Debug|Any CPU = Debug|Any CPU
		Release|Any CPU = Release|Any CPU
	EndGlobalSection
	GlobalSection(ProjectConfigurationPlatforms) = postSolution
		{77700E5B-09C8-447C-85DD-34FE45187614}.Debug|Any CPU.ActiveCfg = Debug|Any CPU
		{77700E5B-09C8-447C-85DD-34FE45187614}.Debug|Any CPU.Build.0 = Debug|Any CPU
		{77700E5B-09C8-447C-85DD-34FE45187614}.Release|Any CPU.ActiveCfg = Release|Any CPU
		{77700E5B-09C8-447C-85DD-34FE45187614}.Release|Any CPU.Build.0 = Release|Any CPU
	EndGlobalSection
	GlobalSection(SolutionProperties) = preSolution
		HideSolutionNode = FALSE
	EndGlobalSection
EndGlobal
